
Microsoft Visual Studio Solution File, Format Version 12.00
# Visual Studio 14
VisualStudioVersion = 14.0.25420.1
MinimumVisualStudioVersion = 10.0.40219.1
Project("{FAE04EC0-301F-11D3-BF4B-00C04F79EFBC}") = "LuminoStudio", "LuminoStudio\LuminoStudio.csproj", "{C5A6B15E-46AB-4A7F-A12D-E1E33AC94A55}"
EndProject
Project("{FAE04EC0-301F-11D3-BF4B-00C04F79EFBC}") = "LuminoWpfSlate", "LuminoWpfSlate\LuminoWpfSlate.csproj", "{960EF5F1-7A23-4D13-B9E0-FF91D0377663}"
EndProject
Project("{FAE04EC0-301F-11D3-BF4B-00C04F79EFBC}") = "SimpleAADVGameGenre", "SimpleAADVGameGenre\SimpleAADVGameGenre.csproj", "{599875B2-D1EB-4E86-8AF0-4DA2CB8006D3}"
EndProject
Project("{FAE04EC0-301F-11D3-BF4B-00C04F79EFBC}") = "LuminoStudioCore", "LuminoStudioCore\LuminoStudioCore.csproj", "{26B0E184-7C69-40C4-A83B-29E645D7E011}"
EndProject
Global
	GlobalSection(SolutionConfigurationPlatforms) = preSolution
		Debug|Any CPU = Debug|Any CPU
		Release|Any CPU = Release|Any CPU
	EndGlobalSection
	GlobalSection(ProjectConfigurationPlatforms) = postSolution
		{C5A6B15E-46AB-4A7F-A12D-E1E33AC94A55}.Debug|Any CPU.ActiveCfg = Debug|Any CPU
		{C5A6B15E-46AB-4A7F-A12D-E1E33AC94A55}.Debug|Any CPU.Build.0 = Debug|Any CPU
		{C5A6B15E-46AB-4A7F-A12D-E1E33AC94A55}.Release|Any CPU.ActiveCfg = Release|Any CPU
		{C5A6B15E-46AB-4A7F-A12D-E1E33AC94A55}.Release|Any CPU.Build.0 = Release|Any CPU
		{960EF5F1-7A23-4D13-B9E0-FF91D0377663}.Debug|Any CPU.ActiveCfg = Debug|Any CPU
		{960EF5F1-7A23-4D13-B9E0-FF91D0377663}.Debug|Any CPU.Build.0 = Debug|Any CPU
		{960EF5F1-7A23-4D13-B9E0-FF91D0377663}.Release|Any CPU.ActiveCfg = Release|Any CPU
		{960EF5F1-7A23-4D13-B9E0-FF91D0377663}.Release|Any CPU.Build.0 = Release|Any CPU
		{599875B2-D1EB-4E86-8AF0-4DA2CB8006D3}.Debug|Any CPU.ActiveCfg = Debug|Any CPU
		{599875B2-D1EB-4E86-8AF0-4DA2CB8006D3}.Debug|Any CPU.Build.0 = Debug|Any CPU
		{599875B2-D1EB-4E86-8AF0-4DA2CB8006D3}.Release|Any CPU.ActiveCfg = Release|Any CPU
		{599875B2-D1EB-4E86-8AF0-4DA2CB8006D3}.Release|Any CPU.Build.0 = Release|Any CPU
		{26B0E184-7C69-40C4-A83B-29E645D7E011}.Debug|Any CPU.ActiveCfg = Debug|Any CPU
		{26B0E184-7C69-40C4-A83B-29E645D7E011}.Debug|Any CPU.Build.0 = Debug|Any CPU
		{26B0E184-7C69-40C4-A83B-29E645D7E011}.Release|Any CPU.ActiveCfg = Release|Any CPU
		{26B0E184-7C69-40C4-A83B-29E645D7E011}.Release|Any CPU.Build.0 = Release|Any CPU
	EndGlobalSection
	GlobalSection(SolutionProperties) = preSolution
		HideSolutionNode = FALSE
	EndGlobalSection
EndGlobal
